
Microsoft Visual Studio Solution File, Format Version 12.00
# Visual Studio Version 17
VisualStudioVersion = 17.4.33110.190
MinimumVisualStudioVersion = 10.0.40219.1
Project("{2150E333-8FDC-42A3-9474-1A3956D46DE8}") = "src", "src", "{87C53124-2940-4898-A919-F30D2DC27570}"
EndProject
Project("{2150E333-8FDC-42A3-9474-1A3956D46DE8}") = "test", "test", "{C466AE8A-4A49-4385-8A53-728AB48C8384}"
EndProject
Project("{2150E333-8FDC-42A3-9474-1A3956D46DE8}") = "Core", "Core", "{7E54968C-D709-41BE-A918-D1798AFC0522}"
EndProject
Project("{2150E333-8FDC-42A3-9474-1A3956D46DE8}") = "Infrastructure", "Infrastructure", "{3DCD2345-D4CF-4C12-8B99-AB886E4B34D9}"
EndProject
Project("{2150E333-8FDC-42A3-9474-1A3956D46DE8}") = "Presentation", "Presentation", "{415B10A7-F1D7-4DF4-B96B-EDEF2410AAA2}"
EndProject
Project("{9A19103F-16F7-4668-BE54-9A1E7A4F7556}") = "ExchangeTrader.Domain", "src\Core\ExchangeTrader.Domain\ExchangeTrader.Domain.csproj", "{79095E51-1DBB-497A-9881-B68051A1F0D3}"
EndProject
Project("{9A19103F-16F7-4668-BE54-9A1E7A4F7556}") = "ExchangeTrader.App", "src\Core\ExchangeTrader.App\ExchangeTrader.App.csproj", "{AD07A503-EE3A-44C2-A887-2B30B3FC4AE2}"
EndProject
Project("{9A19103F-16F7-4668-BE54-9A1E7A4F7556}") = "ExchangeTrader.Integration.Fixer", "src\Infrastructure\ExchangeTrader.Infrastructure\ExchangeTrader.Integration.Fixer.csproj", "{EE806360-EF1C-4177-B2DA-E8BFF5FCEC99}"
EndProject
Project("{9A19103F-16F7-4668-BE54-9A1E7A4F7556}") = "ExchangeTrader.Persistence", "src\Infrastructure\ExchangeTrader.Persistence\ExchangeTrader.Persistence.csproj", "{1DE42C00-A990-4037-B190-D4DF8BA56FD1}"
EndProject
Project("{9A19103F-16F7-4668-BE54-9A1E7A4F7556}") = "ExchangeTrader.Api", "src\Presentation\ExchangeTrader.Api\ExchangeTrader.Api.csproj", "{746FD170-3799-411A-B35E-99F70B66907E}"
EndProject
Project("{9A19103F-16F7-4668-BE54-9A1E7A4F7556}") = "ExchangeTrader.Integration.ExchangeRatesApi", "src\Infrastructure\ExchangeTrader.Integration.ExchangeRatesApi\ExchangeTrader.Integration.ExchangeRatesApi.csproj", "{82E3D768-83C5-4AE3-9E2B-8DAF3DBB55C3}"
EndProject
Project("{9A19103F-16F7-4668-BE54-9A1E7A4F7556}") = "ExchangeTrader.App.Abstractions", "src\Core\ExchangeTrader.App.Abstractions\ExchangeTrader.App.Abstractions.csproj", "{C15456D1-9E05-4648-AF60-D8398ED3300A}"
EndProject
Project("{9A19103F-16F7-4668-BE54-9A1E7A4F7556}") = "ExchangeTrader.Caching.Redis", "src\Infrastructure\ExchangeTrader.Redis\ExchangeTrader.Caching.Redis.csproj", "{E16C71F7-E200-4E97-8235-F5A501FCDD48}"
EndProject
Global
	GlobalSection(SolutionConfigurationPlatforms) = preSolution
		Debug|Any CPU = Debug|Any CPU
		Release|Any CPU = Release|Any CPU
	EndGlobalSection
	GlobalSection(ProjectConfigurationPlatforms) = postSolution
		{79095E51-1DBB-497A-9881-B68051A1F0D3}.Debug|Any CPU.ActiveCfg = Debug|Any CPU
		{79095E51-1DBB-497A-9881-B68051A1F0D3}.Debug|Any CPU.Build.0 = Debug|Any CPU
		{79095E51-1DBB-497A-9881-B68051A1F0D3}.Release|Any CPU.ActiveCfg = Release|Any CPU
		{79095E51-1DBB-497A-9881-B68051A1F0D3}.Release|Any CPU.Build.0 = Release|Any CPU
		{AD07A503-EE3A-44C2-A887-2B30B3FC4AE2}.Debug|Any CPU.ActiveCfg = Debug|Any CPU
		{AD07A503-EE3A-44C2-A887-2B30B3FC4AE2}.Debug|Any CPU.Build.0 = Debug|Any CPU
		{AD07A503-EE3A-44C2-A887-2B30B3FC4AE2}.Release|Any CPU.ActiveCfg = Release|Any CPU
		{AD07A503-EE3A-44C2-A887-2B30B3FC4AE2}.Release|Any CPU.Build.0 = Release|Any CPU
		{EE806360-EF1C-4177-B2DA-E8BFF5FCEC99}.Debug|Any CPU.ActiveCfg = Debug|Any CPU
		{EE806360-EF1C-4177-B2DA-E8BFF5FCEC99}.Debug|Any CPU.Build.0 = Debug|Any CPU
		{EE806360-EF1C-4177-B2DA-E8BFF5FCEC99}.Release|Any CPU.ActiveCfg = Release|Any CPU
		{EE806360-EF1C-4177-B2DA-E8BFF5FCEC99}.Release|Any CPU.Build.0 = Release|Any CPU
		{1DE42C00-A990-4037-B190-D4DF8BA56FD1}.Debug|Any CPU.ActiveCfg = Debug|Any CPU
		{1DE42C00-A990-4037-B190-D4DF8BA56FD1}.Debug|Any CPU.Build.0 = Debug|Any CPU
		{1DE42C00-A990-4037-B190-D4DF8BA56FD1}.Release|Any CPU.ActiveCfg = Release|Any CPU
		{1DE42C00-A990-4037-B190-D4DF8BA56FD1}.Release|Any CPU.Build.0 = Release|Any CPU
		{746FD170-3799-411A-B35E-99F70B66907E}.Debug|Any CPU.ActiveCfg = Debug|Any CPU
		{746FD170-3799-411A-B35E-99F70B66907E}.Debug|Any CPU.Build.0 = Debug|Any CPU
		{746FD170-3799-411A-B35E-99F70B66907E}.Release|Any CPU.ActiveCfg = Release|Any CPU
		{746FD170-3799-411A-B35E-99F70B66907E}.Release|Any CPU.Build.0 = Release|Any CPU
		{82E3D768-83C5-4AE3-9E2B-8DAF3DBB55C3}.Debug|Any CPU.ActiveCfg = Debug|Any CPU
		{82E3D768-83C5-4AE3-9E2B-8DAF3DBB55C3}.Debug|Any CPU.Build.0 = Debug|Any CPU
		{82E3D768-83C5-4AE3-9E2B-8DAF3DBB55C3}.Release|Any CPU.ActiveCfg = Release|Any CPU
		{82E3D768-83C5-4AE3-9E2B-8DAF3DBB55C3}.Release|Any CPU.Build.0 = Release|Any CPU
		{C15456D1-9E05-4648-AF60-D8398ED3300A}.Debug|Any CPU.ActiveCfg = Debug|Any CPU
		{C15456D1-9E05-4648-AF60-D8398ED3300A}.Debug|Any CPU.Build.0 = Debug|Any CPU
		{C15456D1-9E05-4648-AF60-D8398ED3300A}.Release|Any CPU.ActiveCfg = Release|Any CPU
		{C15456D1-9E05-4648-AF60-D8398ED3300A}.Release|Any CPU.Build.0 = Release|Any CPU
		{E16C71F7-E200-4E97-8235-F5A501FCDD48}.Debug|Any CPU.ActiveCfg = Debug|Any CPU
		{E16C71F7-E200-4E97-8235-F5A501FCDD48}.Debug|Any CPU.Build.0 = Debug|Any CPU
		{E16C71F7-E200-4E97-8235-F5A501FCDD48}.Release|Any CPU.ActiveCfg = Release|Any CPU
		{E16C71F7-E200-4E97-8235-F5A501FCDD48}.Release|Any CPU.Build.0 = Release|Any CPU
	EndGlobalSection
	GlobalSection(SolutionProperties) = preSolution
		HideSolutionNode = FALSE
	EndGlobalSection
	GlobalSection(NestedProjects) = preSolution
		{7E54968C-D709-41BE-A918-D1798AFC0522} = {87C53124-2940-4898-A919-F30D2DC27570}
		{3DCD2345-D4CF-4C12-8B99-AB886E4B34D9} = {87C53124-2940-4898-A919-F30D2DC27570}
		{415B10A7-F1D7-4DF4-B96B-EDEF2410AAA2} = {87C53124-2940-4898-A919-F30D2DC27570}
		{79095E51-1DBB-497A-9881-B68051A1F0D3} = {7E54968C-D709-41BE-A918-D1798AFC0522}
		{AD07A503-EE3A-44C2-A887-2B30B3FC4AE2} = {7E54968C-D709-41BE-A918-D1798AFC0522}
		{EE806360-EF1C-4177-B2DA-E8BFF5FCEC99} = {3DCD2345-D4CF-4C12-8B99-AB886E4B34D9}
		{1DE42C00-A990-4037-B190-D4DF8BA56FD1} = {3DCD2345-D4CF-4C12-8B99-AB886E4B34D9}
		{746FD170-3799-411A-B35E-99F70B66907E} = {415B10A7-F1D7-4DF4-B96B-EDEF2410AAA2}
		{82E3D768-83C5-4AE3-9E2B-8DAF3DBB55C3} = {3DCD2345-D4CF-4C12-8B99-AB886E4B34D9}
		{C15456D1-9E05-4648-AF60-D8398ED3300A} = {7E54968C-D709-41BE-A918-D1798AFC0522}
		{E16C71F7-E200-4E97-8235-F5A501FCDD48} = {3DCD2345-D4CF-4C12-8B99-AB886E4B34D9}
	EndGlobalSection
	GlobalSection(ExtensibilityGlobals) = postSolution
		SolutionGuid = {CE46B170-5CA1-4E1B-AEEC-14AD1BDD40E6}
	EndGlobalSection
EndGlobal
